# THIS IS AN AUTOGENERATED FILE. DO NOT EDIT THIS FILE DIRECTLY.
# yarn lockfile v1


adm-zip@0.6.1:
  version "0.6.1"
  resolved "https://registry.yarnpkg.com/adm-zip/-/adm-zip-0.6.1.tgz#5b95da4a6e7af0663b71457c06e1517fa6ac8d5f"
  integrity sha512-Xwrja8nx9e5o2N1my4DsKCeKpdrnACyr1wtbPxBDgGzKzKyE9kRtBFA8mWldI+RVlD7CBZNWY/wQ2+ydwOR6kQ==

ws@8.22.0:
  version "8.22.0"
  resolved "https://registry.yarnpkg.com/ws/-/ws-8.22.0.tgz#40f16e1d7588ac0575041be5c49b8eb261c28e73"
  integrity sha512-Ydggc987+RO0AnWtZ/7Wq9FtNvcrL1b/RO0ud9mWjUPgDrsAAwQSF51sm2hm1XofbU/4jkpGEsLFsZZxU+1DOg==
